
Microsoft Visual Studio Solution File, Format Version 12.00
# Visual Studio Version 17
VisualStudioVersion = 17.3.32929.385
MinimumVisualStudioVersion = 10.0.40219.1
Project("{FAE04EC0-301F-11D3-BF4B-00C04F79EFBC}") = "Tugas_Week8_RosDiana", "Tugas_Week8_RosDiana\Tugas_Week8_RosDiana.csproj", "{505BBCAD-1FA4-4E76-BEEB-F0280841B03A}"
EndProject
Global
	GlobalSection(SolutionConfigurationPlatforms) = preSolution
		Debug|Any CPU = Debug|Any CPU
		Release|Any CPU = Release|Any CPU
	EndGlobalSection
	GlobalSection(ProjectConfigurationPlatforms) = postSolution
		{505BBCAD-1FA4-4E76-BEEB-F0280841B03A}.Debug|Any CPU.ActiveCfg = Debug|Any CPU
		{505BBCAD-1FA4-4E76-BEEB-F0280841B03A}.Debug|Any CPU.Build.0 = Debug|Any CPU
		{505BBCAD-1FA4-4E76-BEEB-F0280841B03A}.Release|Any CPU.ActiveCfg = Release|Any CPU
		{505BBCAD-1FA4-4E76-BEEB-F0280841B03A}.Release|Any CPU.Build.0 = Release|Any CPU
	EndGlobalSection
	GlobalSection(SolutionProperties) = preSolution
		HideSolutionNode = FALSE
	EndGlobalSection
	GlobalSection(ExtensibilityGlobals) = postSolution
		SolutionGuid = {9C7A0B1C-5D9C-4D68-A11B-5E52D2EF7F09}
	EndGlobalSection
EndGlobal
